
Microsoft Visual Studio Solution File, Format Version 12.00
# Visual Studio Version 17
VisualStudioVersion = 17.10.35122.118
MinimumVisualStudioVersion = 10.0.40219.1
Project("{9A19103F-16F7-4668-BE54-9A1E7A4F7556}") = "EstruturasDeRepeticao", "ExerciciosResolvidos\EstruturasDeRepeticao.csproj", "{3C9BA4F9-98C3-4225-9224-A4D13FA2BC61}"
EndProject
Global
	GlobalSection(SolutionConfigurationPlatforms) = preSolution
		Debug|Any CPU = Debug|Any CPU
		Release|Any CPU = Release|Any CPU
	EndGlobalSection
	GlobalSection(ProjectConfigurationPlatforms) = postSolution
		{3C9BA4F9-98C3-4225-9224-A4D13FA2BC61}.Debug|Any CPU.ActiveCfg = Debug|Any CPU
		{3C9BA4F9-98C3-4225-9224-A4D13FA2BC61}.Debug|Any CPU.Build.0 = Debug|Any CPU
		{3C9BA4F9-98C3-4225-9224-A4D13FA2BC61}.Release|Any CPU.ActiveCfg = Release|Any CPU
		{3C9BA4F9-98C3-4225-9224-A4D13FA2BC61}.Release|Any CPU.Build.0 = Release|Any CPU
	EndGlobalSection
	GlobalSection(SolutionProperties) = preSolution
		HideSolutionNode = FALSE
	EndGlobalSection
	GlobalSection(ExtensibilityGlobals) = postSolution
		SolutionGuid = {3BC691B9-342B-4C18-AED3-D6E4C31D6A1C}
	EndGlobalSection
EndGlobal
